{"version":4,"terraform_version":"1.11.6","serial":3,"lineage":"","outputs":{"adguard":{"value":{"hostname":"adguard","id":100},"type":["object",{"hostname":"string","id":"number"}]},"immich":{"value":{"hostname":"immich","id":null},"type":["object",{"hostname":"string","id":"number"}]},"jellyfin":{"value":{"hostname":"jellyfin","id":null},"type":["object",{"hostname":"string","id":"number"}]},"transmission":{"value":{"hostname":"transmission","id":null},"type":["object",{"hostname":"string","id":"number"}]}},"resources":[{"module":"module.adguard","mode":"managed","type":"proxmox_virtual_environment_container","name":"this","provider":"provider[\"registry.opentofu.org/bpg/proxmox\"]","instances":[{"schema_version":0,"attributes":{"clone":[],"console":[],"cpu":[{"architecture":"amd64","cores":1,"limit":0,"units":0}],"description":"Managed by Terraform\n","device_passthrough":[],"disk":[{"acl":false,"datastore_id":"local-lvm","mount_options":[],"path_in_datastore":"local-lvm:vm-100-disk-0","quota":false,"replicate":false,"size":10}],"environment_variables":{},"features":[{"fuse":false,"keyctl":false,"mount":[],"nesting":true}],"hook_script_file_id":null,"id":"100","idmap":[],"initialization":[{"dns":[{"domain":"","server":"","servers":["1.1.1.1","8.8.8.8"]}],"entrypoint":"","hostname":"adguard","ip_config":[{"ipv4":[{"address":"dhcp","gateway":""}],"ipv6":[]}],"user_account":[{"keys":[],"password":"Drakaris95%"}]}],"ipv4":{"eth0":"192.168.1.171"},"ipv6":{"eth0":"fe80::be24:11ff:fe4e:59d6"},"memory":[{"dedicated":512,"swap":0}],"mount_point":[],"network_interface":[{"bridge":"vmbr0","enabled":true,"firewall":false,"mac_address":"BC:24:11:4E:59:D6","mtu":0,"name":"eth0","rate_limit":0,"vlan_id":0}],"node_name":"pve1","operating_system":[{"template_file_id":"local:vztmpl/ubuntu-22.04-standard_22.04-1_amd64.tar.zst","type":"ubuntu"}],"pool_id":null,"protection":false,"start_on_boot":true,"started":true,"startup":[{"down_delay":-1,"order":1,"up_delay":-1}],"tags":[],"template":false,"timeout_clone":1800,"timeout_create":1800,"timeout_delete":60,"timeout_start":300,"timeout_update":1800,"unprivileged":true,"vm_id":100,"wait_for_ip":[]},"sensitive_attributes":[[{"type":"get_attr","value":"initialization"},{"type":"index","value":{"value":0,"type":"number"}},{"type":"get_attr","value":"user_account"},{"type":"index","value":{"value":0,"type":"number"}},{"type":"get_attr","value":"password"}]],"private":"bnVsbA=="}]}],"check_results":null}
