{"version":4,"terraform_version":"1.11.6","serial":4,"lineage":"","outputs":{"adguard":{"value":{"hostname":"adguard","id":100},"type":["object",{"hostname":"string","id":"number"}]},"immich":{"value":{"hostname":"immich","id":103},"type":["object",{"hostname":"string","id":"number"}]},"jellyfin":{"value":{"hostname":"jellyfin","id":101},"type":["object",{"hostname":"string","id":"number"}]},"transmission":{"value":{"hostname":"transmission","id":102},"type":["object",{"hostname":"string","id":"number"}]}},"resources":[{"module":"module.adguard","mode":"managed","type":"proxmox_virtual_environment_container","name":"this","provider":"provider[\"registry.opentofu.org/bpg/proxmox\"]","instances":[{"schema_version":0,"attributes":{"clone":[],"console":[],"cpu":[{"architecture":"amd64","cores":1,"limit":0,"units":0}],"description":"Managed by Terraform\n","device_passthrough":[],"disk":[{"acl":false,"datastore_id":"local-lvm","mount_options":[],"path_in_datastore":"local-lvm:vm-100-disk-0","quota":false,"replicate":false,"size":10}],"environment_variables":{},"features":[{"fuse":false,"keyctl":false,"mount":[],"nesting":true}],"hook_script_file_id":null,"id":"100","idmap":[],"initialization":[{"dns":[{"domain":"","server":"","servers":["1.1.1.1","8.8.8.8"]}],"entrypoint":"","hostname":"adguard","ip_config":[{"ipv4":[{"address":"dhcp","gateway":""}],"ipv6":[]}],"user_account":[{"keys":[],"password":"Drakaris95%"}]}],"ipv4":{"eth0":"192.168.1.171"},"ipv6":{"eth0":"fe80::be24:11ff:fe4e:59d6"},"memory":[{"dedicated":512,"swap":0}],"mount_point":[],"network_interface":[{"bridge":"vmbr0","enabled":true,"firewall":false,"mac_address":"BC:24:11:4E:59:D6","mtu":0,"name":"eth0","rate_limit":0,"vlan_id":0}],"node_name":"pve1","operating_system":[{"template_file_id":"local:vztmpl/ubuntu-22.04-standard_22.04-1_amd64.tar.zst","type":"ubuntu"}],"pool_id":null,"protection":false,"start_on_boot":true,"started":true,"startup":[{"down_delay":-1,"order":1,"up_delay":-1}],"tags":[],"template":false,"timeout_clone":1800,"timeout_create":1800,"timeout_delete":60,"timeout_start":300,"timeout_update":1800,"unprivileged":true,"vm_id":100,"wait_for_ip":[]},"sensitive_attributes":[[{"type":"get_attr","value":"initialization"},{"type":"index","value":{"value":0,"type":"number"}},{"type":"get_attr","value":"user_account"},{"type":"index","value":{"value":0,"type":"number"}},{"type":"get_attr","value":"password"}]],"private":"bnVsbA=="}]},{"module":"module.immich","mode":"managed","type":"proxmox_virtual_environment_container","name":"this","provider":"provider[\"registry.opentofu.org/bpg/proxmox\"]","instances":[{"schema_version":0,"attributes":{"clone":[],"console":[],"cpu":[{"architecture":"amd64","cores":4,"limit":0,"units":0}],"description":"Managed by Terraform\n","device_passthrough":[],"disk":[{"acl":false,"datastore_id":"zfs-pve-2","mount_options":null,"path_in_datastore":"zfs-pve-2:subvol-103-disk-0","quota":false,"replicate":false,"size":20}],"environment_variables":null,"features":[{"fuse":false,"keyctl":false,"mount":null,"nesting":true}],"hook_script_file_id":null,"id":"103","idmap":[],"initialization":[{"dns":[{"domain":"","server":"","servers":["1.1.1.1","8.8.8.8"]}],"entrypoint":"","hostname":"immich","ip_config":[{"ipv4":[{"address":"dhcp","gateway":""}],"ipv6":[]}],"user_account":[{"keys":null,"password":"Drakaris95%"}]}],"ipv4":{},"ipv6":{},"memory":[{"dedicated":4096,"swap":0}],"mount_point":[],"network_interface":[{"bridge":"vmbr0","enabled":true,"firewall":false,"mac_address":"BC:24:11:03:BE:26","mtu":0,"name":"eth0","rate_limit":0,"vlan_id":0}],"node_name":"pve2","operating_system":[{"template_file_id":"local:vztmpl/ubuntu-22.04-standard_22.04-1_amd64.tar.zst","type":"ubuntu"}],"pool_id":null,"protection":false,"start_on_boot":true,"started":false,"startup":[{"down_delay":-1,"order":1,"up_delay":-1}],"tags":null,"template":false,"timeout_clone":1800,"timeout_create":1800,"timeout_delete":60,"timeout_start":300,"timeout_update":1800,"unprivileged":true,"vm_id":103,"wait_for_ip":[]},"sensitive_attributes":[[{"type":"get_attr","value":"initialization"},{"type":"index","value":{"value":0,"type":"number"}},{"type":"get_attr","value":"user_account"},{"type":"index","value":{"value":0,"type":"number"}},{"type":"get_attr","value":"password"}]],"private":"bnVsbA=="}]},{"module":"module.immich","mode":"managed","type":"terraform_data","name":"lxc_config_injection","provider":"provider[\"terraform.io/builtin/terraform\"]","instances":[{"index_key":0,"schema_version":0,"attributes":{"id":"de5b7431-456c-ef59-4496-42cee9506d0b","input":null,"output":null,"triggers_replace":{"value":["lxc.cgroup2.devices.allow: c 10:200 rwm\nlxc.mount.entry: /dev/net/tun dev/net/tun none bind,create=file\nlxc.cgroup2.devices.allow: c 10:229 rwm\nlxc.mount.entry: /dev/fuse dev/fuse none bind,create=file","[{\"container_path\":\"/data\",\"host_path\":\"/zfs-pve-2/immich\"}]",103],"type":["tuple",["string","string","number"]]}},"sensitive_attributes":[],"dependencies":["module.immich.proxmox_virtual_environment_container.this"]}]},{"module":"module.jellyfin","mode":"managed","type":"proxmox_virtual_environment_container","name":"this","provider":"provider[\"registry.opentofu.org/bpg/proxmox\"]","instances":[{"schema_version":0,"attributes":{"clone":[],"console":[],"cpu":[{"architecture":"amd64","cores":2,"limit":0,"units":0}],"description":"Managed by Terraform\n","device_passthrough":[],"disk":[{"acl":false,"datastore_id":"zfs-pve-1","mount_options":null,"path_in_datastore":"zfs-pve-1:subvol-101-disk-0","quota":false,"replicate":false,"size":10}],"environment_variables":null,"features":[{"fuse":false,"keyctl":false,"mount":null,"nesting":true}],"hook_script_file_id":null,"id":"101","idmap":[],"initialization":[{"dns":[{"domain":"","server":"","servers":["1.1.1.1","8.8.8.8"]}],"entrypoint":"","hostname":"jellyfin","ip_config":[{"ipv4":[{"address":"dhcp","gateway":""}],"ipv6":[]}],"user_account":[{"keys":null,"password":"Drakaris95%"}]}],"ipv4":{},"ipv6":{},"memory":[{"dedicated":2048,"swap":0}],"mount_point":[],"network_interface":[{"bridge":"vmbr0","enabled":true,"firewall":false,"mac_address":"BC:24:11:DB:C3:30","mtu":0,"name":"eth0","rate_limit":0,"vlan_id":0}],"node_name":"pve1","operating_system":[{"template_file_id":"local:vztmpl/ubuntu-22.04-standard_22.04-1_amd64.tar.zst","type":"ubuntu"}],"pool_id":null,"protection":false,"start_on_boot":true,"started":false,"startup":[{"down_delay":-1,"order":1,"up_delay":-1}],"tags":null,"template":false,"timeout_clone":1800,"timeout_create":1800,"timeout_delete":60,"timeout_start":300,"timeout_update":1800,"unprivileged":true,"vm_id":101,"wait_for_ip":[]},"sensitive_attributes":[[{"type":"get_attr","value":"initialization"},{"type":"index","value":{"value":0,"type":"number"}},{"type":"get_attr","value":"user_account"},{"type":"index","value":{"value":0,"type":"number"}},{"type":"get_attr","value":"password"}]],"private":"bnVsbA=="}]},{"module":"module.jellyfin","mode":"managed","type":"terraform_data","name":"lxc_config_injection","provider":"provider[\"terraform.io/builtin/terraform\"]","instances":[{"index_key":0,"schema_version":0,"attributes":{"id":"cab1eba2-0375-c84d-fa5c-f7f4222b491d","input":null,"output":null,"triggers_replace":{"value":["lxc.cgroup2.devices.allow: c 226:0 rwm\nlxc.cgroup2.devices.allow: c 226:128 rwm\nlxc.cgroup2.devices.allow: c 10:200 rwm\nlxc.mount.entry: /dev/dri/card0 dev/dri/card0 none bind,optional,create=file\nlxc.mount.entry: /dev/dri/renderD128 dev/dri/renderD128 none bind,optional,create=file\nlxc.mount.entry: /dev/net/tun dev/net/tun none bind,create=file\nlxc.idmap: u 0 100000 1000\nlxc.idmap: g 0 100000 1000\nlxc.idmap: u 1000 101000 1\nlxc.idmap: g 1000 101000 1\nlxc.idmap: u 1001 101001 64535\nlxc.idmap: g 1001 101001 64535","[{\"container_path\":\"/media\",\"host_path\":\"/zfs-pve-1/media\"}]",101],"type":["tuple",["string","string","number"]]}},"sensitive_attributes":[],"dependencies":["module.jellyfin.proxmox_virtual_environment_container.this"]}]},{"module":"module.transmission","mode":"managed","type":"proxmox_virtual_environment_container","name":"this","provider":"provider[\"registry.opentofu.org/bpg/proxmox\"]","instances":[{"schema_version":0,"attributes":{"clone":[],"console":[],"cpu":[{"architecture":"amd64","cores":2,"limit":0,"units":0}],"description":"Managed by Terraform\n","device_passthrough":[],"disk":[{"acl":false,"datastore_id":"zfs-pve-1","mount_options":null,"path_in_datastore":"zfs-pve-1:subvol-102-disk-0","quota":false,"replicate":false,"size":15}],"environment_variables":null,"features":[{"fuse":false,"keyctl":false,"mount":null,"nesting":true}],"hook_script_file_id":null,"id":"102","idmap":[],"initialization":[{"dns":[{"domain":"","server":"","servers":["1.1.1.1","8.8.8.8"]}],"entrypoint":"","hostname":"transmission","ip_config":[{"ipv4":[{"address":"dhcp","gateway":""}],"ipv6":[]}],"user_account":[{"keys":null,"password":"Drakaris95%"}]}],"ipv4":{},"ipv6":{},"memory":[{"dedicated":2048,"swap":0}],"mount_point":[],"network_interface":[{"bridge":"vmbr0","enabled":true,"firewall":false,"mac_address":"BC:24:11:FF:74:13","mtu":0,"name":"eth0","rate_limit":0,"vlan_id":0}],"node_name":"pve1","operating_system":[{"template_file_id":"local:vztmpl/ubuntu-22.04-standard_22.04-1_amd64.tar.zst","type":"ubuntu"}],"pool_id":null,"protection":false,"start_on_boot":true,"started":false,"startup":[{"down_delay":-1,"order":1,"up_delay":-1}],"tags":null,"template":false,"timeout_clone":1800,"timeout_create":1800,"timeout_delete":60,"timeout_start":300,"timeout_update":1800,"unprivileged":true,"vm_id":102,"wait_for_ip":[]},"sensitive_attributes":[[{"type":"get_attr","value":"initialization"},{"type":"index","value":{"value":0,"type":"number"}},{"type":"get_attr","value":"user_account"},{"type":"index","value":{"value":0,"type":"number"}},{"type":"get_attr","value":"password"}]],"private":"bnVsbA=="}]},{"module":"module.transmission","mode":"managed","type":"terraform_data","name":"lxc_config_injection","provider":"provider[\"terraform.io/builtin/terraform\"]","instances":[{"index_key":0,"schema_version":0,"attributes":{"id":"a2e8b9a9-24dc-8118-3f28-fed839e4e096","input":null,"output":null,"triggers_replace":{"value":["lxc.cgroup2.devices.allow: c 10:200 rwm\nlxc.mount.entry: /dev/net/tun dev/net/tun none bind,create=file\nlxc.idmap: u 0 100000 1000\nlxc.idmap: g 0 100000 1000\nlxc.idmap: u 1000 101000 1\nlxc.idmap: g 1000 101000 1\nlxc.idmap: u 1001 101001 64535\nlxc.idmap: g 1001 101001 64535","[{\"container_path\":\"/data\",\"host_path\":\"/zfs-pve-1/media\"}]",102],"type":["tuple",["string","string","number"]]}},"sensitive_attributes":[],"dependencies":["module.transmission.proxmox_virtual_environment_container.this"]}]}],"check_results":null}
