{"version":4,"terraform_version":"1.12.0","serial":14,"lineage":"","outputs":{"adguard":{"value":{"hostname":"adguard","id":100},"type":["object",{"hostname":"string","id":"number"}]},"immich":{"value":{"hostname":"immich","id":103},"type":["object",{"hostname":"string","id":"number"}]}},"resources":[{"module":"module.adguard","mode":"managed","type":"proxmox_virtual_environment_container","name":"this","provider":"provider[\"registry.opentofu.org/bpg/proxmox\"]","instances":[{"schema_version":0,"attributes":{"clone":[],"console":[],"cpu":[{"architecture":"amd64","cores":2,"limit":0,"units":0}],"description":"Managed by Terraform\n","device_passthrough":[],"disk":[{"acl":false,"datastore_id":"local-lvm","mount_options":[],"path_in_datastore":"local-lvm:vm-100-disk-0","quota":false,"replicate":false,"size":10}],"environment_variables":{},"features":[{"fuse":false,"keyctl":false,"mknod":false,"mount":[],"nesting":true}],"hook_script_file_id":"","id":"100","idmap":[],"initialization":[{"dns":[{"domain":"","server":"","servers":["1.1.1.1","8.8.8.8"]}],"entrypoint":"","hostname":"adguard","ip_config":[{"ipv4":[{"address":"dhcp","gateway":""}],"ipv6":[]}],"user_account":[{"keys":[],"password":"Drakaris95%"}]}],"ipv4":{"eth0":"192.168.1.171"},"ipv6":{"eth0":"fe80::be24:11ff:fe4e:59d6"},"memory":[{"dedicated":1024,"swap":0}],"mount_point":[],"network_interface":[{"bridge":"vmbr0","enabled":true,"firewall":false,"host_managed":false,"mac_address":"BC:24:11:4E:59:D6","mtu":0,"name":"eth0","rate_limit":0,"vlan_id":0}],"node_name":"pve1","operating_system":[{"template_file_id":"local:vztmpl/ubuntu-22.04-standard_22.04-1_amd64.tar.zst","type":"ubuntu"}],"pool_id":null,"protection":false,"start_on_boot":true,"started":true,"startup":[{"down_delay":-1,"order":1,"up_delay":-1}],"tags":[],"template":false,"timeout_clone":1800,"timeout_create":1800,"timeout_delete":60,"timeout_start":300,"timeout_update":1800,"unprivileged":true,"vm_id":100,"wait_for_ip":[]},"sensitive_attributes":[[{"type":"get_attr","value":"initialization"},{"type":"index","value":{"value":0,"type":"number"}},{"type":"get_attr","value":"user_account"},{"type":"index","value":{"value":0,"type":"number"}},{"type":"get_attr","value":"password"}]],"private":"bnVsbA=="}]},{"module":"module.immich","mode":"managed","type":"proxmox_virtual_environment_container","name":"this","provider":"provider[\"registry.opentofu.org/bpg/proxmox\"]","instances":[{"schema_version":0,"attributes":{"clone":[],"console":[],"cpu":[{"architecture":"amd64","cores":4,"limit":0,"units":0}],"description":"Managed by Terraform\n","device_passthrough":[],"disk":[{"acl":false,"datastore_id":"zfs-pve-2","mount_options":[],"path_in_datastore":"zfs-pve-2:subvol-103-disk-0","quota":false,"replicate":false,"size":20}],"environment_variables":{},"features":[{"fuse":false,"keyctl":false,"mknod":false,"mount":[],"nesting":true}],"hook_script_file_id":"","id":"103","idmap":[],"initialization":[{"dns":[{"domain":"","server":"","servers":["1.1.1.1","8.8.8.8"]}],"entrypoint":"","hostname":"immich","ip_config":[{"ipv4":[{"address":"dhcp","gateway":""}],"ipv6":[]}],"user_account":[{"keys":[],"password":"Drakaris95%"}]}],"ipv4":{"br-6e7990dcfabc":"172.18.0.1","docker0":"172.17.0.1","eth0":"192.168.1.172","tailscale0":"100.125.138.22"},"ipv6":{"br-6e7990dcfabc":"fe80::ccc:f8ff:fe81:2cae","eth0":"fe80::be24:11ff:fe03:be26","tailscale0":"fd7a:115c:a1e0::4d3b:8a16","veth3dcf199":"fe80::783d:1ff:fe58:847","veth93c301a":"fe80::68d7:3aff:feca:d644","vethe582724":"fe80::14c0:59ff:fe8b:6e61","vethe779296":"fe80::e0fb:e6ff:fecc:59a0"},"memory":[{"dedicated":4096,"swap":0}],"mount_point":[{"acl":false,"backup":false,"mount_options":[],"path":"/data","path_in_datastore":"/zfs-pve-2/immich","quota":false,"read_only":false,"replicate":true,"shared":false,"size":"","volume":"/zfs-pve-2/immich"}],"network_interface":[{"bridge":"vmbr0","enabled":true,"firewall":false,"host_managed":false,"mac_address":"BC:24:11:03:BE:26","mtu":0,"name":"eth0","rate_limit":0,"vlan_id":0}],"node_name":"pve2","operating_system":[{"template_file_id":"local:vztmpl/ubuntu-22.04-standard_22.04-1_amd64.tar.zst","type":"ubuntu"}],"pool_id":null,"protection":false,"start_on_boot":true,"started":true,"startup":[{"down_delay":-1,"order":1,"up_delay":-1}],"tags":[],"template":false,"timeout_clone":1800,"timeout_create":1800,"timeout_delete":60,"timeout_start":300,"timeout_update":1800,"unprivileged":true,"vm_id":103,"wait_for_ip":[]},"sensitive_attributes":[[{"type":"get_attr","value":"initialization"},{"type":"index","value":{"value":0,"type":"number"}},{"type":"get_attr","value":"user_account"},{"type":"index","value":{"value":0,"type":"number"}},{"type":"get_attr","value":"password"}]],"private":"bnVsbA=="}]},{"module":"module.immich","mode":"managed","type":"terraform_data","name":"lxc_config_injection","provider":"provider[\"terraform.io/builtin/terraform\"]","instances":[{"index_key":0,"schema_version":0,"attributes":{"id":"de5b7431-456c-ef59-4496-42cee9506d0b","input":null,"output":null,"triggers_replace":{"value":["lxc.cgroup2.devices.allow: c 10:200 rwm\nlxc.mount.entry: /dev/net/tun dev/net/tun none bind,create=file\nlxc.cgroup2.devices.allow: c 10:229 rwm\nlxc.mount.entry: /dev/fuse dev/fuse none bind,create=file","[{\"container_path\":\"/data\",\"host_path\":\"/zfs-pve-2/immich\"}]",103],"type":["tuple",["string","string","number"]]}},"sensitive_attributes":[],"dependencies":["module.immich.proxmox_virtual_environment_container.this"]}]}],"check_results":null}
